
Microsoft Visual Studio Solution File, Format Version 12.00
# Visual Studio 14
VisualStudioVersion = 14.0.25420.1
MinimumVisualStudioVersion = 10.0.40219.1
Project("{FAE04EC0-301F-11D3-BF4B-00C04F79EFBC}") = "条烟纠错系统", "条烟纠错系统\条烟纠错系统.csproj", "{1A0A141E-555A-4B39-B0CC-7FD3B5532550}"
EndProject
Project("{FAE04EC0-301F-11D3-BF4B-00C04F79EFBC}") = "JsonRead", "JsonRead\JsonRead.csproj", "{845978E6-7002-4EA1-87C4-2CC19D7B11E4}"
EndProject
Global
	GlobalSection(SolutionConfigurationPlatforms) = preSolution
		Debug|Any CPU = Debug|Any CPU
		Debug|x64 = Debug|x64
		Release|Any CPU = Release|Any CPU
		Release|x64 = Release|x64
	EndGlobalSection
	GlobalSection(ProjectConfigurationPlatforms) = postSolution
		{1A0A141E-555A-4B39-B0CC-7FD3B5532550}.Debug|Any CPU.ActiveCfg = Debug|Any CPU
		{1A0A141E-555A-4B39-B0CC-7FD3B5532550}.Debug|Any CPU.Build.0 = Debug|Any CPU
		{1A0A141E-555A-4B39-B0CC-7FD3B5532550}.Debug|x64.ActiveCfg = Debug|x64
		{1A0A141E-555A-4B39-B0CC-7FD3B5532550}.Debug|x64.Build.0 = Debug|x64
		{1A0A141E-555A-4B39-B0CC-7FD3B5532550}.Release|Any CPU.ActiveCfg = Release|Any CPU
		{1A0A141E-555A-4B39-B0CC-7FD3B5532550}.Release|Any CPU.Build.0 = Release|Any CPU
		{1A0A141E-555A-4B39-B0CC-7FD3B5532550}.Release|x64.ActiveCfg = Release|x64
		{1A0A141E-555A-4B39-B0CC-7FD3B5532550}.Release|x64.Build.0 = Release|x64
		{845978E6-7002-4EA1-87C4-2CC19D7B11E4}.Debug|Any CPU.ActiveCfg = Debug|Any CPU
		{845978E6-7002-4EA1-87C4-2CC19D7B11E4}.Debug|Any CPU.Build.0 = Debug|Any CPU
		{845978E6-7002-4EA1-87C4-2CC19D7B11E4}.Debug|x64.ActiveCfg = Debug|Any CPU
		{845978E6-7002-4EA1-87C4-2CC19D7B11E4}.Debug|x64.Build.0 = Debug|Any CPU
		{845978E6-7002-4EA1-87C4-2CC19D7B11E4}.Release|Any CPU.ActiveCfg = Release|Any CPU
		{845978E6-7002-4EA1-87C4-2CC19D7B11E4}.Release|Any CPU.Build.0 = Release|Any CPU
		{845978E6-7002-4EA1-87C4-2CC19D7B11E4}.Release|x64.ActiveCfg = Release|Any CPU
		{845978E6-7002-4EA1-87C4-2CC19D7B11E4}.Release|x64.Build.0 = Release|Any CPU
	EndGlobalSection
	GlobalSection(SolutionProperties) = preSolution
		HideSolutionNode = FALSE
	EndGlobalSection
EndGlobal
